
Microsoft Visual Studio Solution File, Format Version 12.00
# Visual Studio Version 17
VisualStudioVersion = 17.9.34728.123
MinimumVisualStudioVersion = 10.0.40219.1
Project("{FAE04EC0-301F-11D3-BF4B-00C04F79EFBC}") = "Warehouse", "Warehouse\Warehouse.csproj", "{F73620E5-4240-4ECD-BA45-706888CBD249}"
EndProject
Global
	GlobalSection(SolutionConfigurationPlatforms) = preSolution
		Debug|Any CPU = Debug|Any CPU
		Release|Any CPU = Release|Any CPU
	EndGlobalSection
	GlobalSection(ProjectConfigurationPlatforms) = postSolution
		{F73620E5-4240-4ECD-BA45-706888CBD249}.Debug|Any CPU.ActiveCfg = Debug|Any CPU
		{F73620E5-4240-4ECD-BA45-706888CBD249}.Debug|Any CPU.Build.0 = Debug|Any CPU
		{F73620E5-4240-4ECD-BA45-706888CBD249}.Release|Any CPU.ActiveCfg = Release|Any CPU
		{F73620E5-4240-4ECD-BA45-706888CBD249}.Release|Any CPU.Build.0 = Release|Any CPU
	EndGlobalSection
	GlobalSection(SolutionProperties) = preSolution
		HideSolutionNode = FALSE
	EndGlobalSection
	GlobalSection(ExtensibilityGlobals) = postSolution
		SolutionGuid = {86BEC6CA-52B9-4095-8594-2F2035C97203}
	EndGlobalSection
EndGlobal
